
Microsoft Visual Studio Solution File, Format Version 12.00
# Visual Studio 15
VisualStudioVersion = 15.0.28307.645
MinimumVisualStudioVersion = 10.0.40219.1
Project("{FAE04EC0-301F-11D3-BF4B-00C04F79EFBC}") = "CRS", "CRS\CRS.csproj", "{6CF67BBD-EA69-48E6-8DEC-B9EC90BCA1F5}"
EndProject
Global
	GlobalSection(SolutionConfigurationPlatforms) = preSolution
		Debug|Any CPU = Debug|Any CPU
		Release|Any CPU = Release|Any CPU
	EndGlobalSection
	GlobalSection(ProjectConfigurationPlatforms) = postSolution
		{6CF67BBD-EA69-48E6-8DEC-B9EC90BCA1F5}.Debug|Any CPU.ActiveCfg = Debug|Any CPU
		{6CF67BBD-EA69-48E6-8DEC-B9EC90BCA1F5}.Debug|Any CPU.Build.0 = Debug|Any CPU
		{6CF67BBD-EA69-48E6-8DEC-B9EC90BCA1F5}.Release|Any CPU.ActiveCfg = Release|Any CPU
		{6CF67BBD-EA69-48E6-8DEC-B9EC90BCA1F5}.Release|Any CPU.Build.0 = Release|Any CPU
	EndGlobalSection
	GlobalSection(SolutionProperties) = preSolution
		HideSolutionNode = FALSE
	EndGlobalSection
	GlobalSection(ExtensibilityGlobals) = postSolution
		SolutionGuid = {5D4B4F90-FC2C-4ABF-886A-7F51B89ADBD9}
	EndGlobalSection
EndGlobal
